
Microsoft Visual Studio Solution File, Format Version 12.00
# Visual Studio Version 17
VisualStudioVersion = 17.13.35931.197 d17.13
MinimumVisualStudioVersion = 10.0.40219.1
Project("{FAE04EC0-301F-11D3-BF4B-00C04F79EFBC}") = "Student Tracking System", "Student Tracking System.csproj", "{5C4A9D9A-7BB5-4146-B610-01CDA531E3A9}"
EndProject
Global
	GlobalSection(SolutionConfigurationPlatforms) = preSolution
		Debug|Any CPU = Debug|Any CPU
		Release|Any CPU = Release|Any CPU
	EndGlobalSection
	GlobalSection(ProjectConfigurationPlatforms) = postSolution
		{5C4A9D9A-7BB5-4146-B610-01CDA531E3A9}.Debug|Any CPU.ActiveCfg = Debug|Any CPU
		{5C4A9D9A-7BB5-4146-B610-01CDA531E3A9}.Debug|Any CPU.Build.0 = Debug|Any CPU
		{5C4A9D9A-7BB5-4146-B610-01CDA531E3A9}.Release|Any CPU.ActiveCfg = Release|Any CPU
		{5C4A9D9A-7BB5-4146-B610-01CDA531E3A9}.Release|Any CPU.Build.0 = Release|Any CPU
	EndGlobalSection
	GlobalSection(SolutionProperties) = preSolution
		HideSolutionNode = FALSE
	EndGlobalSection
	GlobalSection(ExtensibilityGlobals) = postSolution
		SolutionGuid = {843C3D6D-295D-43FC-86B0-85E23A1BA2B3}
	EndGlobalSection
EndGlobal
